
Microsoft Visual Studio Solution File, Format Version 12.00
# Visual Studio Version 17
VisualStudioVersion = 17.11.35222.181
MinimumVisualStudioVersion = 10.0.40219.1
Project("{FAE04EC0-301F-11D3-BF4B-00C04F79EFBC}") = "AirAccel", "AirAccel.csproj", "{64F6C389-B81C-410C-94DD-6894CF1B1FCF}"
EndProject
Global
	GlobalSection(SolutionConfigurationPlatforms) = preSolution
		Debug|Any CPU = Debug|Any CPU
		Release|Any CPU = Release|Any CPU
	EndGlobalSection
	GlobalSection(ProjectConfigurationPlatforms) = postSolution
		{64F6C389-B81C-410C-94DD-6894CF1B1FCF}.Debug|Any CPU.ActiveCfg = Debug|Any CPU
		{64F6C389-B81C-410C-94DD-6894CF1B1FCF}.Debug|Any CPU.Build.0 = Debug|Any CPU
		{64F6C389-B81C-410C-94DD-6894CF1B1FCF}.Release|Any CPU.ActiveCfg = Release|Any CPU
		{64F6C389-B81C-410C-94DD-6894CF1B1FCF}.Release|Any CPU.Build.0 = Release|Any CPU
	EndGlobalSection
	GlobalSection(SolutionProperties) = preSolution
		HideSolutionNode = FALSE
	EndGlobalSection
	GlobalSection(ExtensibilityGlobals) = postSolution
		SolutionGuid = {79581AB2-1BFF-4DAC-80AC-ADAF14872F91}
	EndGlobalSection
EndGlobal
